
Microsoft Visual Studio Solution File, Format Version 12.00
# Visual Studio Version 16
VisualStudioVersion = 16.0.29418.71
MinimumVisualStudioVersion = 10.0.40219.1
Project("{FAE04EC0-301F-11D3-BF4B-00C04F79EFBC}") = "Advent-of-Code-2015", "Advent-of-Code-2015\Advent-of-Code-2015.csproj", "{6C6D5956-B29C-450B-84C2-0C1CFD19FAEA}"
EndProject
Project("{FAE04EC0-301F-11D3-BF4B-00C04F79EFBC}") = "Advent-of-Code-2018", "Advent-Of-Code-2018\Advent-of-Code-2018.csproj", "{DBD72CC2-A66C-49D4-8997-34D38A7B3493}"
EndProject
Project("{FAE04EC0-301F-11D3-BF4B-00C04F79EFBC}") = "Advent-of-Code-2016", "Advent-of-Code-2016\Advent of Code\Advent-of-Code-2016.csproj", "{4B385483-BCD5-4BBD-9600-0A546BC9F50C}"
EndProject
Project("{FAE04EC0-301F-11D3-BF4B-00C04F79EFBC}") = "Advent-of-Code-2017", "Advent-of-Code-2017\Advent-of-Code-2017\Advent-of-Code-2017.csproj", "{D05B4834-9AC7-46B4-85F2-CBE9FB829802}"
EndProject
Project("{FAE04EC0-301F-11D3-BF4B-00C04F79EFBC}") = "Helpers", "Helpers\Helpers.csproj", "{5E84210C-4F4E-4B69-A519-14A8F6E11711}"
EndProject
Project("{FAE04EC0-301F-11D3-BF4B-00C04F79EFBC}") = "Advent-of-Code-2019", "Advent-of-Code-2019\Advent-of-Code-2019.csproj", "{9D4A17BB-129E-468F-8FE9-033C5FEADC67}"
	ProjectSection(ProjectDependencies) = postProject
		{5E84210C-4F4E-4B69-A519-14A8F6E11711} = {5E84210C-4F4E-4B69-A519-14A8F6E11711}
	EndProjectSection
EndProject
Project("{9A19103F-16F7-4668-BE54-9A1E7A4F7556}") = "Advent-of-Code-2020", "AdventOfCode2020\Advent-of-Code-2020.csproj", "{8BE4649A-66AE-47DE-883A-A54EC424E39E}"
EndProject
Project("{FAE04EC0-301F-11D3-BF4B-00C04F79EFBC}") = "Advent-of-Code-2021", "Advent-of-Code-2021\Advent-of-Code-2021.csproj", "{B2BDEB23-6A90-4FD0-AB61-B53AB0953E77}"
	ProjectSection(ProjectDependencies) = postProject
		{9C73B2F0-0A9B-4E62-964A-E897D338C548} = {9C73B2F0-0A9B-4E62-964A-E897D338C548}
	EndProjectSection
EndProject
Project("{FAE04EC0-301F-11D3-BF4B-00C04F79EFBC}") = "Advent-of-Code", "Adevent-of-Code\Advent-of-Code.csproj", "{9C73B2F0-0A9B-4E62-964A-E897D338C548}"
EndProject
Global
	GlobalSection(SolutionConfigurationPlatforms) = preSolution
		Debug|Any CPU = Debug|Any CPU
		Release|Any CPU = Release|Any CPU
	EndGlobalSection
	GlobalSection(ProjectConfigurationPlatforms) = postSolution
		{6C6D5956-B29C-450B-84C2-0C1CFD19FAEA}.Debug|Any CPU.ActiveCfg = Debug|Any CPU
		{6C6D5956-B29C-450B-84C2-0C1CFD19FAEA}.Debug|Any CPU.Build.0 = Debug|Any CPU
		{6C6D5956-B29C-450B-84C2-0C1CFD19FAEA}.Release|Any CPU.ActiveCfg = Release|Any CPU
		{6C6D5956-B29C-450B-84C2-0C1CFD19FAEA}.Release|Any CPU.Build.0 = Release|Any CPU
		{DBD72CC2-A66C-49D4-8997-34D38A7B3493}.Debug|Any CPU.ActiveCfg = Debug|Any CPU
		{DBD72CC2-A66C-49D4-8997-34D38A7B3493}.Debug|Any CPU.Build.0 = Debug|Any CPU
		{DBD72CC2-A66C-49D4-8997-34D38A7B3493}.Release|Any CPU.ActiveCfg = Release|Any CPU
		{DBD72CC2-A66C-49D4-8997-34D38A7B3493}.Release|Any CPU.Build.0 = Release|Any CPU
		{4B385483-BCD5-4BBD-9600-0A546BC9F50C}.Debug|Any CPU.ActiveCfg = Debug|Any CPU
		{4B385483-BCD5-4BBD-9600-0A546BC9F50C}.Debug|Any CPU.Build.0 = Debug|Any CPU
		{4B385483-BCD5-4BBD-9600-0A546BC9F50C}.Release|Any CPU.ActiveCfg = Release|Any CPU
		{4B385483-BCD5-4BBD-9600-0A546BC9F50C}.Release|Any CPU.Build.0 = Release|Any CPU
		{D05B4834-9AC7-46B4-85F2-CBE9FB829802}.Debug|Any CPU.ActiveCfg = Debug|Any CPU
		{D05B4834-9AC7-46B4-85F2-CBE9FB829802}.Debug|Any CPU.Build.0 = Debug|Any CPU
		{D05B4834-9AC7-46B4-85F2-CBE9FB829802}.Release|Any CPU.ActiveCfg = Release|Any CPU
		{D05B4834-9AC7-46B4-85F2-CBE9FB829802}.Release|Any CPU.Build.0 = Release|Any CPU
		{5E84210C-4F4E-4B69-A519-14A8F6E11711}.Debug|Any CPU.ActiveCfg = Debug|Any CPU
		{5E84210C-4F4E-4B69-A519-14A8F6E11711}.Debug|Any CPU.Build.0 = Debug|Any CPU
		{5E84210C-4F4E-4B69-A519-14A8F6E11711}.Release|Any CPU.ActiveCfg = Release|Any CPU
		{5E84210C-4F4E-4B69-A519-14A8F6E11711}.Release|Any CPU.Build.0 = Release|Any CPU
		{9D4A17BB-129E-468F-8FE9-033C5FEADC67}.Debug|Any CPU.ActiveCfg = Debug|Any CPU
		{9D4A17BB-129E-468F-8FE9-033C5FEADC67}.Debug|Any CPU.Build.0 = Debug|Any CPU
		{9D4A17BB-129E-468F-8FE9-033C5FEADC67}.Release|Any CPU.ActiveCfg = Release|Any CPU
		{9D4A17BB-129E-468F-8FE9-033C5FEADC67}.Release|Any CPU.Build.0 = Release|Any CPU
		{8BE4649A-66AE-47DE-883A-A54EC424E39E}.Debug|Any CPU.ActiveCfg = Debug|Any CPU
		{8BE4649A-66AE-47DE-883A-A54EC424E39E}.Debug|Any CPU.Build.0 = Debug|Any CPU
		{8BE4649A-66AE-47DE-883A-A54EC424E39E}.Release|Any CPU.ActiveCfg = Release|Any CPU
		{8BE4649A-66AE-47DE-883A-A54EC424E39E}.Release|Any CPU.Build.0 = Release|Any CPU
		{B2BDEB23-6A90-4FD0-AB61-B53AB0953E77}.Debug|Any CPU.ActiveCfg = Debug|Any CPU
		{B2BDEB23-6A90-4FD0-AB61-B53AB0953E77}.Debug|Any CPU.Build.0 = Debug|Any CPU
		{B2BDEB23-6A90-4FD0-AB61-B53AB0953E77}.Release|Any CPU.ActiveCfg = Release|Any CPU
		{B2BDEB23-6A90-4FD0-AB61-B53AB0953E77}.Release|Any CPU.Build.0 = Release|Any CPU
		{9C73B2F0-0A9B-4E62-964A-E897D338C548}.Debug|Any CPU.ActiveCfg = Debug|Any CPU
		{9C73B2F0-0A9B-4E62-964A-E897D338C548}.Debug|Any CPU.Build.0 = Debug|Any CPU
		{9C73B2F0-0A9B-4E62-964A-E897D338C548}.Release|Any CPU.ActiveCfg = Release|Any CPU
		{9C73B2F0-0A9B-4E62-964A-E897D338C548}.Release|Any CPU.Build.0 = Release|Any CPU
	EndGlobalSection
	GlobalSection(SolutionProperties) = preSolution
		HideSolutionNode = FALSE
	EndGlobalSection
	GlobalSection(ExtensibilityGlobals) = postSolution
		SolutionGuid = {81835BF6-85E1-4A97-8E34-9CD6B578FD72}
	EndGlobalSection
EndGlobal
