
Microsoft Visual Studio Solution File, Format Version 12.00
# Visual Studio 15
VisualStudioVersion = 15.0.27004.2008
MinimumVisualStudioVersion = 10.0.40219.1
Project("{FAE04EC0-301F-11D3-BF4B-00C04F79EFBC}") = "Advent-of-Code-2017", "Advent-of-Code-2017\Advent-of-Code-2017.csproj", "{D05B4834-9AC7-46B4-85F2-CBE9FB829802}"
EndProject
Global
	GlobalSection(SolutionConfigurationPlatforms) = preSolution
		Debug|Any CPU = Debug|Any CPU
		Release|Any CPU = Release|Any CPU
	EndGlobalSection
	GlobalSection(ProjectConfigurationPlatforms) = postSolution
		{D05B4834-9AC7-46B4-85F2-CBE9FB829802}.Debug|Any CPU.ActiveCfg = Debug|Any CPU
		{D05B4834-9AC7-46B4-85F2-CBE9FB829802}.Debug|Any CPU.Build.0 = Debug|Any CPU
		{D05B4834-9AC7-46B4-85F2-CBE9FB829802}.Release|Any CPU.ActiveCfg = Release|Any CPU
		{D05B4834-9AC7-46B4-85F2-CBE9FB829802}.Release|Any CPU.Build.0 = Release|Any CPU
	EndGlobalSection
	GlobalSection(SolutionProperties) = preSolution
		HideSolutionNode = FALSE
	EndGlobalSection
	GlobalSection(ExtensibilityGlobals) = postSolution
		SolutionGuid = {1CC69F46-D8F3-418B-A472-5156CE6CC4FB}
	EndGlobalSection
EndGlobal
